
Microsoft Visual Studio Solution File, Format Version 12.00
# Visual Studio Version 17
VisualStudioVersion = 17.13.35825.156 d17.13
MinimumVisualStudioVersion = 10.0.40219.1
Project("{FAE04EC0-301F-11D3-BF4B-00C04F79EFBC}") = "Oryantasyon", "Oryantasyon\Oryantasyon.csproj", "{477BE9A0-CB58-4553-B77D-1154AE664BDC}"
EndProject
Project("{FAE04EC0-301F-11D3-BF4B-00C04F79EFBC}") = "EntityLayer", "EntityLayer\EntityLayer.csproj", "{2937153E-363F-45A7-B2E8-27EE749CD832}"
EndProject
Project("{FAE04EC0-301F-11D3-BF4B-00C04F79EFBC}") = "DataAccsessLayer", "DataAccsessLayer\DataAccsessLayer.csproj", "{89C43314-6774-4313-9E05-9C378AFB2582}"
EndProject
Project("{FAE04EC0-301F-11D3-BF4B-00C04F79EFBC}") = "BusinessLayer", "BusinessLayer\BusinessLayer.csproj", "{6F10C182-61AB-4EA4-AAFC-62304A78EBC1}"
EndProject
Global
	GlobalSection(SolutionConfigurationPlatforms) = preSolution
		Debug|Any CPU = Debug|Any CPU
		Release|Any CPU = Release|Any CPU
	EndGlobalSection
	GlobalSection(ProjectConfigurationPlatforms) = postSolution
		{477BE9A0-CB58-4553-B77D-1154AE664BDC}.Debug|Any CPU.ActiveCfg = Debug|Any CPU
		{477BE9A0-CB58-4553-B77D-1154AE664BDC}.Debug|Any CPU.Build.0 = Debug|Any CPU
		{477BE9A0-CB58-4553-B77D-1154AE664BDC}.Release|Any CPU.ActiveCfg = Release|Any CPU
		{477BE9A0-CB58-4553-B77D-1154AE664BDC}.Release|Any CPU.Build.0 = Release|Any CPU
		{2937153E-363F-45A7-B2E8-27EE749CD832}.Debug|Any CPU.ActiveCfg = Debug|Any CPU
		{2937153E-363F-45A7-B2E8-27EE749CD832}.Debug|Any CPU.Build.0 = Debug|Any CPU
		{2937153E-363F-45A7-B2E8-27EE749CD832}.Release|Any CPU.ActiveCfg = Release|Any CPU
		{2937153E-363F-45A7-B2E8-27EE749CD832}.Release|Any CPU.Build.0 = Release|Any CPU
		{89C43314-6774-4313-9E05-9C378AFB2582}.Debug|Any CPU.ActiveCfg = Debug|Any CPU
		{89C43314-6774-4313-9E05-9C378AFB2582}.Debug|Any CPU.Build.0 = Debug|Any CPU
		{89C43314-6774-4313-9E05-9C378AFB2582}.Release|Any CPU.ActiveCfg = Release|Any CPU
		{89C43314-6774-4313-9E05-9C378AFB2582}.Release|Any CPU.Build.0 = Release|Any CPU
		{6F10C182-61AB-4EA4-AAFC-62304A78EBC1}.Debug|Any CPU.ActiveCfg = Debug|Any CPU
		{6F10C182-61AB-4EA4-AAFC-62304A78EBC1}.Debug|Any CPU.Build.0 = Debug|Any CPU
		{6F10C182-61AB-4EA4-AAFC-62304A78EBC1}.Release|Any CPU.ActiveCfg = Release|Any CPU
		{6F10C182-61AB-4EA4-AAFC-62304A78EBC1}.Release|Any CPU.Build.0 = Release|Any CPU
	EndGlobalSection
	GlobalSection(SolutionProperties) = preSolution
		HideSolutionNode = FALSE
	EndGlobalSection
	GlobalSection(ExtensibilityGlobals) = postSolution
		SolutionGuid = {6471A5F6-D610-4CB3-8522-18EB102844C7}
	EndGlobalSection
EndGlobal
